
Microsoft Visual Studio Solution File, Format Version 12.00
# Visual Studio Version 17
VisualStudioVersion = 17.2.32630.192
MinimumVisualStudioVersion = 10.0.40219.1
Project("{FAE04EC0-301F-11D3-BF4B-00C04F79EFBC}") = "ConsoleAppKalitimOrnegi", "ConsoleAppKalitimOrnegi\ConsoleAppKalitimOrnegi.csproj", "{F0EBF2AB-D20D-4BDE-9977-4A7DE5674840}"
EndProject
Global
	GlobalSection(SolutionConfigurationPlatforms) = preSolution
		Debug|Any CPU = Debug|Any CPU
		Release|Any CPU = Release|Any CPU
	EndGlobalSection
	GlobalSection(ProjectConfigurationPlatforms) = postSolution
		{F0EBF2AB-D20D-4BDE-9977-4A7DE5674840}.Debug|Any CPU.ActiveCfg = Debug|Any CPU
		{F0EBF2AB-D20D-4BDE-9977-4A7DE5674840}.Debug|Any CPU.Build.0 = Debug|Any CPU
		{F0EBF2AB-D20D-4BDE-9977-4A7DE5674840}.Release|Any CPU.ActiveCfg = Release|Any CPU
		{F0EBF2AB-D20D-4BDE-9977-4A7DE5674840}.Release|Any CPU.Build.0 = Release|Any CPU
	EndGlobalSection
	GlobalSection(SolutionProperties) = preSolution
		HideSolutionNode = FALSE
	EndGlobalSection
	GlobalSection(ExtensibilityGlobals) = postSolution
		SolutionGuid = {4B014590-2A0B-4DCB-B6C2-1B1C56CC2B95}
	EndGlobalSection
EndGlobal
